{
    "_meta": {
        "hash": {
            "sha256": "d9cfafbb96b4386f5b7581c97fb53f67c5fd6c57a895bc146a3ebd217956d280"
        },
        "pipfile-spec": 6,
        "requires": {
            "python_version": "3"
        },
        "sources": [
            {
                "name": "pypi",
                "url": "https://pypi.python.org/simple",
                "verify_ssl": true
            }
        ]
    },
    "default": {},
    "develop": {}
}
